{
  "name": "fixture-npm-v3",
  "version": "1.0.0",
  "lockfileVersion": 3,
  "requires": true,
  "packages": {
    "": {
      "name": "fixture-npm-v3",
      "version": "1.0.0",
      "dependencies": {
        "axios": "^1.6.0"
      },
      "devDependencies": {
        "vite": "^5.0.0"
      }
    },
    "node_modules/axios": {
      "version": "1.6.0",
      "resolved": "https://registry.npmjs.org/axios/-/axios-1.6.0.tgz",
      "integrity": "sha512-fixtureaxios=="
    },
    "node_modules/esbuild": {
      "version": "0.21.5",
      "resolved": "https://registry.npmjs.org/esbuild/-/esbuild-0.21.5.tgz",
      "integrity": "sha512-fixtureesbuild==",
      "dev": true
    },
    "node_modules/@scope/helper": {
      "version": "2.1.0",
      "resolved": "https://registry.npmjs.org/@scope/helper/-/helper-2.1.0.tgz",
      "integrity": "sha512-fixturescoped=="
    },
    "node_modules/vite": {
      "version": "5.0.0",
      "resolved": "https://registry.npmjs.org/vite/-/vite-5.0.0.tgz",
      "integrity": "sha512-fixturevite==",
      "dev": true
    },
    "node_modules/local-workspace": {
      "resolved": "packages/local-workspace",
      "link": true
    }
  }
}
