# This file is generated by running "yarn install" inside your project.
# Manual changes might be lost - proceed with caution!

__metadata:
  version: 8
  cacheKey: 10c0

"axios@npm:^1.6.0":
  version: 1.6.0
  resolution: "axios@npm:1.6.0"
  dependencies:
    follow-redirects: "npm:^1.15.0"
  checksum: 10c0/fixtureaxios
  languageName: node
  linkType: hard

"follow-redirects@npm:^1.15.0":
  version: 1.15.6
  resolution: "follow-redirects@npm:1.15.6"
  checksum: 10c0/fixturefollow
  languageName: node
  linkType: hard

"fixture-yarn-berry@workspace:.":
  version: 0.0.0-use.local
  resolution: "fixture-yarn-berry@workspace:."
  dependencies:
    axios: "npm:^1.6.0"
  languageName: unknown
  linkType: soft
