lockfileVersion: '6.0'

dependencies:
  axios:
    specifier: ^1.6.0
    version: 1.6.0
  '@scope/helper':
    specifier: ^2.0.0
    version: 2.1.0

packages:

  /axios@1.6.0:
    resolution: {integrity: sha512-fixtureaxios==}
    dev: false

  /@scope/helper@2.1.0:
    resolution: {integrity: sha512-fixturescoped==}
    dev: false

  /follow-redirects/1.15.6:
    resolution: {integrity: sha512-fixturefollow==}
    dev: false

  # A peer annotation contains '@' of its own, so the suffix has to be stripped
  # before the name/version split or the whole entry is lost.
  /next@14.1.2(react-dom@18.0.0)(react@18.0.0):
    resolution: {integrity: sha512-fixturenext==}
    dev: false

  /@mui/material@5.15.0(@emotion/react@11.11.0)(react@18.0.0):
    resolution: {integrity: sha512-fixturemui==}
    dev: false
