{
  "name": "fixture-npm-nested",
  "version": "1.0.0",
  "lockfileVersion": 3,
  "requires": true,
  "packages": {
    "": {
      "name": "fixture-npm-nested",
      "version": "1.0.0",
      "dependencies": {
        "axios": "^1.6.0",
        "legacy-consumer": "^1.0.0"
      }
    },
    "node_modules/axios": {
      "version": "1.6.0",
      "integrity": "sha512-fixtureaxios=="
    },
    "node_modules/legacy-consumer": {
      "version": "1.0.0",
      "integrity": "sha512-fixtureconsumer==",
      "dependencies": {
        "axios": "^0.27.0"
      }
    },
    "node_modules/legacy-consumer/node_modules/axios": {
      "version": "0.27.2",
      "integrity": "sha512-fixtureaxiosold=="
    }
  }
}
